
Microsoft Visual Studio Solution File, Format Version 12.00
# Visual Studio 15
VisualStudioVersion = 15.0.27004.2009
MinimumVisualStudioVersion = 10.0.40219.1
Project("{E24C65DC-7377-472B-9ABA-BC803B73C61A}") = "ticket", "http://localhost:7829", "{A98B17C4-10D1-404A-AFEE-F2306C74BA75}"
	ProjectSection(WebsiteProperties) = preProject
		UseIISExpress = "true"
		TargetFrameworkMoniker = ".NETFramework,Version%3Dv4.5"
		ProjectReferences = "{df524409-c931-4f03-ad69-ebf314841827}|Layer_Methods.dll;{E425A593-F6A3-4BCD-BBF8-93C4A0AEBA59}|Layer_Business.dll;{C38D315E-9308-45C3-92CD-483891A0FB69}|Layer_Data.dll;"
		Debug.AspNetCompiler.VirtualPath = "/localhost_7829"
		Debug.AspNetCompiler.PhysicalPath = "ticket\"
		Debug.AspNetCompiler.TargetPath = "PrecompiledWeb\localhost_7829\"
		Debug.AspNetCompiler.Updateable = "true"
		Debug.AspNetCompiler.ForceOverwrite = "true"
		Debug.AspNetCompiler.FixedNames = "false"
		Debug.AspNetCompiler.Debug = "True"
		Release.AspNetCompiler.VirtualPath = "/localhost_7829"
		Release.AspNetCompiler.PhysicalPath = "ticket\"
		Release.AspNetCompiler.TargetPath = "PrecompiledWeb\localhost_7829\"
		Release.AspNetCompiler.Updateable = "true"
		Release.AspNetCompiler.ForceOverwrite = "true"
		Release.AspNetCompiler.FixedNames = "false"
		Release.AspNetCompiler.Debug = "False"
		SlnRelativePath = "ticket\"
	EndProjectSection
EndProject
Project("{FAE04EC0-301F-11D3-BF4B-00C04F79EFBC}") = "Layer_Data", "Layer_Data\Layer_Data.csproj", "{C38D315E-9308-45C3-92CD-483891A0FB69}"
EndProject
Project("{FAE04EC0-301F-11D3-BF4B-00C04F79EFBC}") = "Layer_Methods", "Layer_Methods\Layer_Methods.csproj", "{DF524409-C931-4F03-AD69-EBF314841827}"
EndProject
Project("{FAE04EC0-301F-11D3-BF4B-00C04F79EFBC}") = "Layer_Business", "Layer_Business\Layer_Business.csproj", "{E425A593-F6A3-4BCD-BBF8-93C4A0AEBA59}"
EndProject
Global
	GlobalSection(SolutionConfigurationPlatforms) = preSolution
		Debug|Any CPU = Debug|Any CPU
		Release|Any CPU = Release|Any CPU
	EndGlobalSection
	GlobalSection(ProjectConfigurationPlatforms) = postSolution
		{A98B17C4-10D1-404A-AFEE-F2306C74BA75}.Debug|Any CPU.ActiveCfg = Debug|Any CPU
		{A98B17C4-10D1-404A-AFEE-F2306C74BA75}.Debug|Any CPU.Build.0 = Debug|Any CPU
		{A98B17C4-10D1-404A-AFEE-F2306C74BA75}.Release|Any CPU.ActiveCfg = Debug|Any CPU
		{A98B17C4-10D1-404A-AFEE-F2306C74BA75}.Release|Any CPU.Build.0 = Debug|Any CPU
		{C38D315E-9308-45C3-92CD-483891A0FB69}.Debug|Any CPU.ActiveCfg = Debug|Any CPU
		{C38D315E-9308-45C3-92CD-483891A0FB69}.Debug|Any CPU.Build.0 = Debug|Any CPU
		{C38D315E-9308-45C3-92CD-483891A0FB69}.Release|Any CPU.ActiveCfg = Release|Any CPU
		{C38D315E-9308-45C3-92CD-483891A0FB69}.Release|Any CPU.Build.0 = Release|Any CPU
		{DF524409-C931-4F03-AD69-EBF314841827}.Debug|Any CPU.ActiveCfg = Debug|Any CPU
		{DF524409-C931-4F03-AD69-EBF314841827}.Debug|Any CPU.Build.0 = Debug|Any CPU
		{DF524409-C931-4F03-AD69-EBF314841827}.Release|Any CPU.ActiveCfg = Release|Any CPU
		{DF524409-C931-4F03-AD69-EBF314841827}.Release|Any CPU.Build.0 = Release|Any CPU
		{E425A593-F6A3-4BCD-BBF8-93C4A0AEBA59}.Debug|Any CPU.ActiveCfg = Debug|Any CPU
		{E425A593-F6A3-4BCD-BBF8-93C4A0AEBA59}.Debug|Any CPU.Build.0 = Debug|Any CPU
		{E425A593-F6A3-4BCD-BBF8-93C4A0AEBA59}.Release|Any CPU.ActiveCfg = Release|Any CPU
		{E425A593-F6A3-4BCD-BBF8-93C4A0AEBA59}.Release|Any CPU.Build.0 = Release|Any CPU
	EndGlobalSection
	GlobalSection(SolutionProperties) = preSolution
		HideSolutionNode = FALSE
	EndGlobalSection
	GlobalSection(ExtensibilityGlobals) = postSolution
		SolutionGuid = {52B0520B-32BB-44BE-B8DC-26402A480BB6}
	EndGlobalSection
EndGlobal
